
Microsoft Visual Studio Solution File, Format Version 12.00
# Visual Studio Version 17
VisualStudioVersion = 17.0.31903.59
MinimumVisualStudioVersion = 10.0.40219.1
Project("{2150E333-8FDC-42A3-9474-1A3956D46DE8}") = "src", "src", "{827E0CD3-B72D-47B6-A68D-7590B98EB39B}"
EndProject
Project("{FAE04EC0-301F-11D3-BF4B-00C04F79EFBC}") = "IdeatecAPI.Domain", "src\IdeatecAPI.Domain\IdeatecAPI.Domain.csproj", "{01AA82E2-901C-49B7-B06E-E607F4559336}"
EndProject
Project("{FAE04EC0-301F-11D3-BF4B-00C04F79EFBC}") = "IdeatecAPI.Application", "src\IdeatecAPI.Application\IdeatecAPI.Application.csproj", "{E52BBD9E-99F3-4B04-80E6-4A02343E0857}"
EndProject
Project("{FAE04EC0-301F-11D3-BF4B-00C04F79EFBC}") = "IdeatecAPI.Infrastructure", "src\IdeatecAPI.Infrastructure\IdeatecAPI.Infrastructure.csproj", "{4DE0A180-638A-4AF2-A32D-8E6FD98958E8}"
EndProject
Project("{FAE04EC0-301F-11D3-BF4B-00C04F79EFBC}") = "IdeatecAPI.API", "src\IdeatecAPI.API\IdeatecAPI.API.csproj", "{26F9F1F1-D800-4E44-A9CA-13B9843A40AE}"
EndProject
Project("{2150E333-8FDC-42A3-9474-1A3956D46DE8}") = "tests", "tests", "{0AB3BF05-4346-4AA6-1389-037BE0695223}"
EndProject
Project("{FAE04EC0-301F-11D3-BF4B-00C04F79EFBC}") = "IdeatecAPI.Domain.UnitTests", "tests\IdeatecAPI.Domain.UnitTests\IdeatecAPI.Domain.UnitTests.csproj", "{CCCF77A4-A363-446F-95DE-BC76CC0DD1BC}"
EndProject
Project("{FAE04EC0-301F-11D3-BF4B-00C04F79EFBC}") = "IdeatecAPI.Application.UnitTests", "tests\IdeatecAPI.Application.UnitTests\IdeatecAPI.Application.UnitTests.csproj", "{947F7721-B2C8-4B01-AD1A-DEFBE02E341D}"
EndProject
Project("{FAE04EC0-301F-11D3-BF4B-00C04F79EFBC}") = "IdeatecAPI.Infrastructure.UnitTests", "tests\IdeatecAPI.Infrastructure.UnitTests\IdeatecAPI.Infrastructure.UnitTests.csproj", "{ECE16E93-5AC3-4651-9F9E-C03BC46B30DA}"
EndProject
Project("{FAE04EC0-301F-11D3-BF4B-00C04F79EFBC}") = "IdeatecAPI.API.IntegrationTests", "tests\IdeatecAPI.API.IntegrationTests\IdeatecAPI.API.IntegrationTests.csproj", "{E45A9FCF-6C35-483D-8424-4051A3C9B686}"
EndProject
Global
	GlobalSection(SolutionConfigurationPlatforms) = preSolution
		Debug|Any CPU = Debug|Any CPU
		Debug|x64 = Debug|x64
		Debug|x86 = Debug|x86
		Release|Any CPU = Release|Any CPU
		Release|x64 = Release|x64
		Release|x86 = Release|x86
	EndGlobalSection
	GlobalSection(ProjectConfigurationPlatforms) = postSolution
		{01AA82E2-901C-49B7-B06E-E607F4559336}.Debug|Any CPU.ActiveCfg = Debug|Any CPU
		{01AA82E2-901C-49B7-B06E-E607F4559336}.Debug|Any CPU.Build.0 = Debug|Any CPU
		{01AA82E2-901C-49B7-B06E-E607F4559336}.Debug|x64.ActiveCfg = Debug|Any CPU
		{01AA82E2-901C-49B7-B06E-E607F4559336}.Debug|x64.Build.0 = Debug|Any CPU
		{01AA82E2-901C-49B7-B06E-E607F4559336}.Debug|x86.ActiveCfg = Debug|Any CPU
		{01AA82E2-901C-49B7-B06E-E607F4559336}.Debug|x86.Build.0 = Debug|Any CPU
		{01AA82E2-901C-49B7-B06E-E607F4559336}.Release|Any CPU.ActiveCfg = Release|Any CPU
		{01AA82E2-901C-49B7-B06E-E607F4559336}.Release|Any CPU.Build.0 = Release|Any CPU
		{01AA82E2-901C-49B7-B06E-E607F4559336}.Release|x64.ActiveCfg = Release|Any CPU
		{01AA82E2-901C-49B7-B06E-E607F4559336}.Release|x64.Build.0 = Release|Any CPU
		{01AA82E2-901C-49B7-B06E-E607F4559336}.Release|x86.ActiveCfg = Release|Any CPU
		{01AA82E2-901C-49B7-B06E-E607F4559336}.Release|x86.Build.0 = Release|Any CPU
		{E52BBD9E-99F3-4B04-80E6-4A02343E0857}.Debug|Any CPU.ActiveCfg = Debug|Any CPU
		{E52BBD9E-99F3-4B04-80E6-4A02343E0857}.Debug|Any CPU.Build.0 = Debug|Any CPU
		{E52BBD9E-99F3-4B04-80E6-4A02343E0857}.Debug|x64.ActiveCfg = Debug|Any CPU
		{E52BBD9E-99F3-4B04-80E6-4A02343E0857}.Debug|x64.Build.0 = Debug|Any CPU
		{E52BBD9E-99F3-4B04-80E6-4A02343E0857}.Debug|x86.ActiveCfg = Debug|Any CPU
		{E52BBD9E-99F3-4B04-80E6-4A02343E0857}.Debug|x86.Build.0 = Debug|Any CPU
		{E52BBD9E-99F3-4B04-80E6-4A02343E0857}.Release|Any CPU.ActiveCfg = Release|Any CPU
		{E52BBD9E-99F3-4B04-80E6-4A02343E0857}.Release|Any CPU.Build.0 = Release|Any CPU
		{E52BBD9E-99F3-4B04-80E6-4A02343E0857}.Release|x64.ActiveCfg = Release|Any CPU
		{E52BBD9E-99F3-4B04-80E6-4A02343E0857}.Release|x64.Build.0 = Release|Any CPU
		{E52BBD9E-99F3-4B04-80E6-4A02343E0857}.Release|x86.ActiveCfg = Release|Any CPU
		{E52BBD9E-99F3-4B04-80E6-4A02343E0857}.Release|x86.Build.0 = Release|Any CPU
		{4DE0A180-638A-4AF2-A32D-8E6FD98958E8}.Debug|Any CPU.ActiveCfg = Debug|Any CPU
		{4DE0A180-638A-4AF2-A32D-8E6FD98958E8}.Debug|Any CPU.Build.0 = Debug|Any CPU
		{4DE0A180-638A-4AF2-A32D-8E6FD98958E8}.Debug|x64.ActiveCfg = Debug|Any CPU
		{4DE0A180-638A-4AF2-A32D-8E6FD98958E8}.Debug|x64.Build.0 = Debug|Any CPU
		{4DE0A180-638A-4AF2-A32D-8E6FD98958E8}.Debug|x86.ActiveCfg = Debug|Any CPU
		{4DE0A180-638A-4AF2-A32D-8E6FD98958E8}.Debug|x86.Build.0 = Debug|Any CPU
		{4DE0A180-638A-4AF2-A32D-8E6FD98958E8}.Release|Any CPU.ActiveCfg = Release|Any CPU
		{4DE0A180-638A-4AF2-A32D-8E6FD98958E8}.Release|Any CPU.Build.0 = Release|Any CPU
		{4DE0A180-638A-4AF2-A32D-8E6FD98958E8}.Release|x64.ActiveCfg = Release|Any CPU
		{4DE0A180-638A-4AF2-A32D-8E6FD98958E8}.Release|x64.Build.0 = Release|Any CPU
		{4DE0A180-638A-4AF2-A32D-8E6FD98958E8}.Release|x86.ActiveCfg = Release|Any CPU
		{4DE0A180-638A-4AF2-A32D-8E6FD98958E8}.Release|x86.Build.0 = Release|Any CPU
		{26F9F1F1-D800-4E44-A9CA-13B9843A40AE}.Debug|Any CPU.ActiveCfg = Debug|Any CPU
		{26F9F1F1-D800-4E44-A9CA-13B9843A40AE}.Debug|Any CPU.Build.0 = Debug|Any CPU
		{26F9F1F1-D800-4E44-A9CA-13B9843A40AE}.Debug|x64.ActiveCfg = Debug|Any CPU
		{26F9F1F1-D800-4E44-A9CA-13B9843A40AE}.Debug|x64.Build.0 = Debug|Any CPU
		{26F9F1F1-D800-4E44-A9CA-13B9843A40AE}.Debug|x86.ActiveCfg = Debug|Any CPU
		{26F9F1F1-D800-4E44-A9CA-13B9843A40AE}.Debug|x86.Build.0 = Debug|Any CPU
		{26F9F1F1-D800-4E44-A9CA-13B9843A40AE}.Release|Any CPU.ActiveCfg = Release|Any CPU
		{26F9F1F1-D800-4E44-A9CA-13B9843A40AE}.Release|Any CPU.Build.0 = Release|Any CPU
		{26F9F1F1-D800-4E44-A9CA-13B9843A40AE}.Release|x64.ActiveCfg = Release|Any CPU
		{26F9F1F1-D800-4E44-A9CA-13B9843A40AE}.Release|x64.Build.0 = Release|Any CPU
		{26F9F1F1-D800-4E44-A9CA-13B9843A40AE}.Release|x86.ActiveCfg = Release|Any CPU
		{26F9F1F1-D800-4E44-A9CA-13B9843A40AE}.Release|x86.Build.0 = Release|Any CPU
		{CCCF77A4-A363-446F-95DE-BC76CC0DD1BC}.Debug|Any CPU.ActiveCfg = Debug|Any CPU
		{CCCF77A4-A363-446F-95DE-BC76CC0DD1BC}.Debug|Any CPU.Build.0 = Debug|Any CPU
		{CCCF77A4-A363-446F-95DE-BC76CC0DD1BC}.Debug|x64.ActiveCfg = Debug|Any CPU
		{CCCF77A4-A363-446F-95DE-BC76CC0DD1BC}.Debug|x64.Build.0 = Debug|Any CPU
		{CCCF77A4-A363-446F-95DE-BC76CC0DD1BC}.Debug|x86.ActiveCfg = Debug|Any CPU
		{CCCF77A4-A363-446F-95DE-BC76CC0DD1BC}.Debug|x86.Build.0 = Debug|Any CPU
		{CCCF77A4-A363-446F-95DE-BC76CC0DD1BC}.Release|Any CPU.ActiveCfg = Release|Any CPU
		{CCCF77A4-A363-446F-95DE-BC76CC0DD1BC}.Release|Any CPU.Build.0 = Release|Any CPU
		{CCCF77A4-A363-446F-95DE-BC76CC0DD1BC}.Release|x64.ActiveCfg = Release|Any CPU
		{CCCF77A4-A363-446F-95DE-BC76CC0DD1BC}.Release|x64.Build.0 = Release|Any CPU
		{CCCF77A4-A363-446F-95DE-BC76CC0DD1BC}.Release|x86.ActiveCfg = Release|Any CPU
		{CCCF77A4-A363-446F-95DE-BC76CC0DD1BC}.Release|x86.Build.0 = Release|Any CPU
		{947F7721-B2C8-4B01-AD1A-DEFBE02E341D}.Debug|Any CPU.ActiveCfg = Debug|Any CPU
		{947F7721-B2C8-4B01-AD1A-DEFBE02E341D}.Debug|Any CPU.Build.0 = Debug|Any CPU
		{947F7721-B2C8-4B01-AD1A-DEFBE02E341D}.Debug|x64.ActiveCfg = Debug|Any CPU
		{947F7721-B2C8-4B01-AD1A-DEFBE02E341D}.Debug|x64.Build.0 = Debug|Any CPU
		{947F7721-B2C8-4B01-AD1A-DEFBE02E341D}.Debug|x86.ActiveCfg = Debug|Any CPU
		{947F7721-B2C8-4B01-AD1A-DEFBE02E341D}.Debug|x86.Build.0 = Debug|Any CPU
		{947F7721-B2C8-4B01-AD1A-DEFBE02E341D}.Release|Any CPU.ActiveCfg = Release|Any CPU
		{947F7721-B2C8-4B01-AD1A-DEFBE02E341D}.Release|Any CPU.Build.0 = Release|Any CPU
		{947F7721-B2C8-4B01-AD1A-DEFBE02E341D}.Release|x64.ActiveCfg = Release|Any CPU
		{947F7721-B2C8-4B01-AD1A-DEFBE02E341D}.Release|x64.Build.0 = Release|Any CPU
		{947F7721-B2C8-4B01-AD1A-DEFBE02E341D}.Release|x86.ActiveCfg = Release|Any CPU
		{947F7721-B2C8-4B01-AD1A-DEFBE02E341D}.Release|x86.Build.0 = Release|Any CPU
		{ECE16E93-5AC3-4651-9F9E-C03BC46B30DA}.Debug|Any CPU.ActiveCfg = Debug|Any CPU
		{ECE16E93-5AC3-4651-9F9E-C03BC46B30DA}.Debug|Any CPU.Build.0 = Debug|Any CPU
		{ECE16E93-5AC3-4651-9F9E-C03BC46B30DA}.Debug|x64.ActiveCfg = Debug|Any CPU
		{ECE16E93-5AC3-4651-9F9E-C03BC46B30DA}.Debug|x64.Build.0 = Debug|Any CPU
		{ECE16E93-5AC3-4651-9F9E-C03BC46B30DA}.Debug|x86.ActiveCfg = Debug|Any CPU
		{ECE16E93-5AC3-4651-9F9E-C03BC46B30DA}.Debug|x86.Build.0 = Debug|Any CPU
		{ECE16E93-5AC3-4651-9F9E-C03BC46B30DA}.Release|Any CPU.ActiveCfg = Release|Any CPU
		{ECE16E93-5AC3-4651-9F9E-C03BC46B30DA}.Release|Any CPU.Build.0 = Release|Any CPU
		{ECE16E93-5AC3-4651-9F9E-C03BC46B30DA}.Release|x64.ActiveCfg = Release|Any CPU
		{ECE16E93-5AC3-4651-9F9E-C03BC46B30DA}.Release|x64.Build.0 = Release|Any CPU
		{ECE16E93-5AC3-4651-9F9E-C03BC46B30DA}.Release|x86.ActiveCfg = Release|Any CPU
		{ECE16E93-5AC3-4651-9F9E-C03BC46B30DA}.Release|x86.Build.0 = Release|Any CPU
		{E45A9FCF-6C35-483D-8424-4051A3C9B686}.Debug|Any CPU.ActiveCfg = Debug|Any CPU
		{E45A9FCF-6C35-483D-8424-4051A3C9B686}.Debug|Any CPU.Build.0 = Debug|Any CPU
		{E45A9FCF-6C35-483D-8424-4051A3C9B686}.Debug|x64.ActiveCfg = Debug|Any CPU
		{E45A9FCF-6C35-483D-8424-4051A3C9B686}.Debug|x64.Build.0 = Debug|Any CPU
		{E45A9FCF-6C35-483D-8424-4051A3C9B686}.Debug|x86.ActiveCfg = Debug|Any CPU
		{E45A9FCF-6C35-483D-8424-4051A3C9B686}.Debug|x86.Build.0 = Debug|Any CPU
		{E45A9FCF-6C35-483D-8424-4051A3C9B686}.Release|Any CPU.ActiveCfg = Release|Any CPU
		{E45A9FCF-6C35-483D-8424-4051A3C9B686}.Release|Any CPU.Build.0 = Release|Any CPU
		{E45A9FCF-6C35-483D-8424-4051A3C9B686}.Release|x64.ActiveCfg = Release|Any CPU
		{E45A9FCF-6C35-483D-8424-4051A3C9B686}.Release|x64.Build.0 = Release|Any CPU
		{E45A9FCF-6C35-483D-8424-4051A3C9B686}.Release|x86.ActiveCfg = Release|Any CPU
		{E45A9FCF-6C35-483D-8424-4051A3C9B686}.Release|x86.Build.0 = Release|Any CPU
	EndGlobalSection
	GlobalSection(SolutionProperties) = preSolution
		HideSolutionNode = FALSE
	EndGlobalSection
	GlobalSection(NestedProjects) = preSolution
		{01AA82E2-901C-49B7-B06E-E607F4559336} = {827E0CD3-B72D-47B6-A68D-7590B98EB39B}
		{E52BBD9E-99F3-4B04-80E6-4A02343E0857} = {827E0CD3-B72D-47B6-A68D-7590B98EB39B}
		{4DE0A180-638A-4AF2-A32D-8E6FD98958E8} = {827E0CD3-B72D-47B6-A68D-7590B98EB39B}
		{26F9F1F1-D800-4E44-A9CA-13B9843A40AE} = {827E0CD3-B72D-47B6-A68D-7590B98EB39B}
		{CCCF77A4-A363-446F-95DE-BC76CC0DD1BC} = {0AB3BF05-4346-4AA6-1389-037BE0695223}
		{947F7721-B2C8-4B01-AD1A-DEFBE02E341D} = {0AB3BF05-4346-4AA6-1389-037BE0695223}
		{ECE16E93-5AC3-4651-9F9E-C03BC46B30DA} = {0AB3BF05-4346-4AA6-1389-037BE0695223}
		{E45A9FCF-6C35-483D-8424-4051A3C9B686} = {0AB3BF05-4346-4AA6-1389-037BE0695223}
	EndGlobalSection
EndGlobal
